
Microsoft Visual Studio Solution File, Format Version 12.00
# Visual Studio 14
VisualStudioVersion = 14.0.25420.1
MinimumVisualStudioVersion = 10.0.40219.1
Project("{8BC9CEB8-8B4A-11D0-8D11-00A0C91BC942}") = "LC189", "LC189\LC189.vcxproj", "{D0569934-654F-4EEE-9E52-99CB5CCDEB5E}"
EndProject
Project("{8BC9CEB8-8B4A-11D0-8D11-00A0C91BC942}") = "LC20", "LC20\LC20.vcxproj", "{881C3D82-4631-474F-85FE-3CECE0787BAD}"
EndProject
Project("{8BC9CEB8-8B4A-11D0-8D11-00A0C91BC942}") = "LC58", "LC58\LC58.vcxproj", "{26FB2EB8-9DAE-44DB-9460-F27B8BD4D1A7}"
EndProject
Project("{8BC9CEB8-8B4A-11D0-8D11-00A0C91BC942}") = "LC171", "LC171\LC171.vcxproj", "{28F619CE-CB9A-485B-9029-8D05809610EA}"
EndProject
Project("{8BC9CEB8-8B4A-11D0-8D11-00A0C91BC942}") = "LC7", "LC7\LC7.vcxproj", "{9B27D16C-B5F8-4445-8D27-9E00E45C9448}"
EndProject
Project("{8BC9CEB8-8B4A-11D0-8D11-00A0C91BC942}") = "LC234", "LC234\LC234.vcxproj", "{35FAB244-2F5E-4172-A89F-E7C7813E61EA}"
EndProject
Project("{8BC9CEB8-8B4A-11D0-8D11-00A0C91BC942}") = "LC165", "LC165\LC165.vcxproj", "{C993F53F-8919-461F-9C80-F1D250553BE4}"
EndProject
Project("{8BC9CEB8-8B4A-11D0-8D11-00A0C91BC942}") = "LC169", "LC169\LC169.vcxproj", "{ACAE54AB-0CF5-4827-93DC-7E11F0335801}"
EndProject
Project("{8BC9CEB8-8B4A-11D0-8D11-00A0C91BC942}") = "LC70", "LC70\LC70.vcxproj", "{3A296313-5ED3-4513-872A-537F79B5A7F9}"
EndProject
Project("{8BC9CEB8-8B4A-11D0-8D11-00A0C91BC942}") = "LC335", "LC335\LC335.vcxproj", "{6DF90B85-C298-467B-9620-B9D4B09B3A47}"
EndProject
Project("{8BC9CEB8-8B4A-11D0-8D11-00A0C91BC942}") = "LC168", "LC168\LC168.vcxproj", "{E81103CD-85F4-4485-8222-91A436B7FD07}"
EndProject
Project("{8BC9CEB8-8B4A-11D0-8D11-00A0C91BC942}") = "LC344", "LC344\LC344.vcxproj", "{64B413EF-2C10-4B79-8A8F-AB01590D8C32}"
EndProject
Project("{8BC9CEB8-8B4A-11D0-8D11-00A0C91BC942}") = "LC338", "LC338\LC338.vcxproj", "{292BB8A0-CC94-4496-9792-81F956EE74D3}"
EndProject
Global
	GlobalSection(SolutionConfigurationPlatforms) = preSolution
		Debug|x64 = Debug|x64
		Release|x64 = Release|x64
	EndGlobalSection
	GlobalSection(ProjectConfigurationPlatforms) = postSolution
		{D0569934-654F-4EEE-9E52-99CB5CCDEB5E}.Debug|x64.ActiveCfg = Debug|x64
		{D0569934-654F-4EEE-9E52-99CB5CCDEB5E}.Debug|x64.Build.0 = Debug|x64
		{D0569934-654F-4EEE-9E52-99CB5CCDEB5E}.Release|x64.ActiveCfg = Release|x64
		{D0569934-654F-4EEE-9E52-99CB5CCDEB5E}.Release|x64.Build.0 = Release|x64
		{881C3D82-4631-474F-85FE-3CECE0787BAD}.Debug|x64.ActiveCfg = Debug|x64
		{881C3D82-4631-474F-85FE-3CECE0787BAD}.Debug|x64.Build.0 = Debug|x64
		{881C3D82-4631-474F-85FE-3CECE0787BAD}.Release|x64.ActiveCfg = Release|x64
		{881C3D82-4631-474F-85FE-3CECE0787BAD}.Release|x64.Build.0 = Release|x64
		{26FB2EB8-9DAE-44DB-9460-F27B8BD4D1A7}.Debug|x64.ActiveCfg = Debug|x64
		{26FB2EB8-9DAE-44DB-9460-F27B8BD4D1A7}.Debug|x64.Build.0 = Debug|x64
		{26FB2EB8-9DAE-44DB-9460-F27B8BD4D1A7}.Release|x64.ActiveCfg = Release|x64
		{26FB2EB8-9DAE-44DB-9460-F27B8BD4D1A7}.Release|x64.Build.0 = Release|x64
		{28F619CE-CB9A-485B-9029-8D05809610EA}.Debug|x64.ActiveCfg = Debug|x64
		{28F619CE-CB9A-485B-9029-8D05809610EA}.Debug|x64.Build.0 = Debug|x64
		{28F619CE-CB9A-485B-9029-8D05809610EA}.Release|x64.ActiveCfg = Release|x64
		{28F619CE-CB9A-485B-9029-8D05809610EA}.Release|x64.Build.0 = Release|x64
		{9B27D16C-B5F8-4445-8D27-9E00E45C9448}.Debug|x64.ActiveCfg = Debug|x64
		{9B27D16C-B5F8-4445-8D27-9E00E45C9448}.Debug|x64.Build.0 = Debug|x64
		{9B27D16C-B5F8-4445-8D27-9E00E45C9448}.Release|x64.ActiveCfg = Release|x64
		{9B27D16C-B5F8-4445-8D27-9E00E45C9448}.Release|x64.Build.0 = Release|x64
		{35FAB244-2F5E-4172-A89F-E7C7813E61EA}.Debug|x64.ActiveCfg = Debug|x64
		{35FAB244-2F5E-4172-A89F-E7C7813E61EA}.Debug|x64.Build.0 = Debug|x64
		{35FAB244-2F5E-4172-A89F-E7C7813E61EA}.Release|x64.ActiveCfg = Release|x64
		{35FAB244-2F5E-4172-A89F-E7C7813E61EA}.Release|x64.Build.0 = Release|x64
		{C993F53F-8919-461F-9C80-F1D250553BE4}.Debug|x64.ActiveCfg = Debug|x64
		{C993F53F-8919-461F-9C80-F1D250553BE4}.Debug|x64.Build.0 = Debug|x64
		{C993F53F-8919-461F-9C80-F1D250553BE4}.Release|x64.ActiveCfg = Release|x64
		{C993F53F-8919-461F-9C80-F1D250553BE4}.Release|x64.Build.0 = Release|x64
		{ACAE54AB-0CF5-4827-93DC-7E11F0335801}.Debug|x64.ActiveCfg = Debug|x64
		{ACAE54AB-0CF5-4827-93DC-7E11F0335801}.Debug|x64.Build.0 = Debug|x64
		{ACAE54AB-0CF5-4827-93DC-7E11F0335801}.Release|x64.ActiveCfg = Release|x64
		{ACAE54AB-0CF5-4827-93DC-7E11F0335801}.Release|x64.Build.0 = Release|x64
		{3A296313-5ED3-4513-872A-537F79B5A7F9}.Debug|x64.ActiveCfg = Debug|x64
		{3A296313-5ED3-4513-872A-537F79B5A7F9}.Debug|x64.Build.0 = Debug|x64
		{3A296313-5ED3-4513-872A-537F79B5A7F9}.Release|x64.ActiveCfg = Release|x64
		{3A296313-5ED3-4513-872A-537F79B5A7F9}.Release|x64.Build.0 = Release|x64
		{6DF90B85-C298-467B-9620-B9D4B09B3A47}.Debug|x64.ActiveCfg = Debug|x64
		{6DF90B85-C298-467B-9620-B9D4B09B3A47}.Debug|x64.Build.0 = Debug|x64
		{6DF90B85-C298-467B-9620-B9D4B09B3A47}.Release|x64.ActiveCfg = Release|x64
		{6DF90B85-C298-467B-9620-B9D4B09B3A47}.Release|x64.Build.0 = Release|x64
		{E81103CD-85F4-4485-8222-91A436B7FD07}.Debug|x64.ActiveCfg = Debug|x64
		{E81103CD-85F4-4485-8222-91A436B7FD07}.Debug|x64.Build.0 = Debug|x64
		{E81103CD-85F4-4485-8222-91A436B7FD07}.Release|x64.ActiveCfg = Release|x64
		{E81103CD-85F4-4485-8222-91A436B7FD07}.Release|x64.Build.0 = Release|x64
		{64B413EF-2C10-4B79-8A8F-AB01590D8C32}.Debug|x64.ActiveCfg = Debug|x64
		{64B413EF-2C10-4B79-8A8F-AB01590D8C32}.Debug|x64.Build.0 = Debug|x64
		{64B413EF-2C10-4B79-8A8F-AB01590D8C32}.Release|x64.ActiveCfg = Release|x64
		{64B413EF-2C10-4B79-8A8F-AB01590D8C32}.Release|x64.Build.0 = Release|x64
		{292BB8A0-CC94-4496-9792-81F956EE74D3}.Debug|x64.ActiveCfg = Debug|x64
		{292BB8A0-CC94-4496-9792-81F956EE74D3}.Debug|x64.Build.0 = Debug|x64
		{292BB8A0-CC94-4496-9792-81F956EE74D3}.Release|x64.ActiveCfg = Release|x64
		{292BB8A0-CC94-4496-9792-81F956EE74D3}.Release|x64.Build.0 = Release|x64
	EndGlobalSection
	GlobalSection(SolutionProperties) = preSolution
		HideSolutionNode = FALSE
	EndGlobalSection
EndGlobal
